// !$*UTF8*$!
{
	archiveVersion = 1;
	classes = {
	};
	objectVersion = 56;
	objects = {

/* Begin PBXBuildFile section */
		D03298292A67F8A100FA787A /* SOXWatchDogFRC.swift in Sources */ = {isa = PBXBuildFile; fileRef = D03298262A67F8A100FA787A /* SOXWatchDogFRC.swift */; };
		D032982A2A67F8A100FA787A /* SOXTableViewDatasourceFRC.swift in Sources */ = {isa = PBXBuildFile; fileRef = D03298272A67F8A100FA787A /* SOXTableViewDatasourceFRC.swift */; };
		D032982B2A67F8A100FA787A /* SOXAbstractDatasourceFRC.swift in Sources */ = {isa = PBXBuildFile; fileRef = D03298282A67F8A100FA787A /* SOXAbstractDatasourceFRC.swift */; };
		D032982D2A67F91000FA787A /* SOXDatasourceManagerDelegate.swift in Sources */ = {isa = PBXBuildFile; fileRef = D032982C2A67F91000FA787A /* SOXDatasourceManagerDelegate.swift */; };
		D03298302A67FC8C00FA787A /* SimpleAnnotation.swift in Sources */ = {isa = PBXBuildFile; fileRef = D032982F2A67FC8C00FA787A /* SimpleAnnotation.swift */; };
		D03298322A6828A800FA787A /* SOXDatasourceManagerCellProtocol.swift in Sources */ = {isa = PBXBuildFile; fileRef = D03298312A6828A700FA787A /* SOXDatasourceManagerCellProtocol.swift */; };
		D03298342A68359400FA787A /* CoreDataLocationManager.swift in Sources */ = {isa = PBXBuildFile; fileRef = D03298332A68359400FA787A /* CoreDataLocationManager.swift */; };
		D03298432A683AC600FA787A /* TrackedLocation+CoreDataClass.swift in Sources */ = {isa = PBXBuildFile; fileRef = D032983F2A683AC600FA787A /* TrackedLocation+CoreDataClass.swift */; };
		D03298442A683AC600FA787A /* TrackedLocation+CoreDataProperties.swift in Sources */ = {isa = PBXBuildFile; fileRef = D03298402A683AC600FA787A /* TrackedLocation+CoreDataProperties.swift */; };
		D03298472A688FF500FA787A /* TrackedVisit+CoreDataClass.swift in Sources */ = {isa = PBXBuildFile; fileRef = D03298452A688FF500FA787A /* TrackedVisit+CoreDataClass.swift */; };
		D03298482A688FF500FA787A /* TrackedVisit+CoreDataProperties.swift in Sources */ = {isa = PBXBuildFile; fileRef = D03298462A688FF500FA787A /* TrackedVisit+CoreDataProperties.swift */; };
		D0C3D0C22A62E5B1003FA2C9 /* AppDelegate.swift in Sources */ = {isa = PBXBuildFile; fileRef = D0C3D0C12A62E5B1003FA2C9 /* AppDelegate.swift */; };
		D0C3D0C42A62E5B1003FA2C9 /* SceneDelegate.swift in Sources */ = {isa = PBXBuildFile; fileRef = D0C3D0C32A62E5B1003FA2C9 /* SceneDelegate.swift */; };
		D0C3D0C62A62E5B1003FA2C9 /* ViewController.swift in Sources */ = {isa = PBXBuildFile; fileRef = D0C3D0C52A62E5B1003FA2C9 /* ViewController.swift */; };
		D0C3D0C92A62E5B1003FA2C9 /* Main.storyboard in Resources */ = {isa = PBXBuildFile; fileRef = D0C3D0C72A62E5B1003FA2C9 /* Main.storyboard */; };
		D0C3D0CC2A62E5B1003FA2C9 /* Wo_war_ich_letzte_Nacht.xcdatamodeld in Sources */ = {isa = PBXBuildFile; fileRef = D0C3D0CA2A62E5B1003FA2C9 /* Wo_war_ich_letzte_Nacht.xcdatamodeld */; };
		D0C3D0CE2A62E5B2003FA2C9 /* Assets.xcassets in Resources */ = {isa = PBXBuildFile; fileRef = D0C3D0CD2A62E5B2003FA2C9 /* Assets.xcassets */; };
		D0C3D0D12A62E5B2003FA2C9 /* LaunchScreen.storyboard in Resources */ = {isa = PBXBuildFile; fileRef = D0C3D0CF2A62E5B2003FA2C9 /* LaunchScreen.storyboard */; };
		D0C3D0DC2A62E5B3003FA2C9 /* Wo_war_ich_letzte_NachtTests.swift in Sources */ = {isa = PBXBuildFile; fileRef = D0C3D0DB2A62E5B3003FA2C9 /* Wo_war_ich_letzte_NachtTests.swift */; };
		D0C3D0E62A62E5B3003FA2C9 /* Wo_war_ich_letzte_NachtUITests.swift in Sources */ = {isa = PBXBuildFile; fileRef = D0C3D0E52A62E5B3003FA2C9 /* Wo_war_ich_letzte_NachtUITests.swift */; };
		D0C3D0E82A62E5B3003FA2C9 /* Wo_war_ich_letzte_NachtUITestsLaunchTests.swift in Sources */ = {isa = PBXBuildFile; fileRef = D0C3D0E72A62E5B3003FA2C9 /* Wo_war_ich_letzte_NachtUITestsLaunchTests.swift */; };
		D0C3D0FA2A63FE48003FA2C9 /* SettingsMainViewController.swift in Sources */ = {isa = PBXBuildFile; fileRef = D0C3D0F92A63FE48003FA2C9 /* SettingsMainViewController.swift */; };
		D0C3D0FE2A63FE6C003FA2C9 /* LocationsViewController.swift in Sources */ = {isa = PBXBuildFile; fileRef = D0C3D0FD2A63FE6C003FA2C9 /* LocationsViewController.swift */; };
		D0C3D1012A63FEEE003FA2C9 /* SOXLocationManagerDelegate.swift in Sources */ = {isa = PBXBuildFile; fileRef = D0C3D0FF2A63FEEE003FA2C9 /* SOXLocationManagerDelegate.swift */; };
		D0C3D1022A63FEEE003FA2C9 /* SOXLocationManager.swift in Sources */ = {isa = PBXBuildFile; fileRef = D0C3D1002A63FEEE003FA2C9 /* SOXLocationManager.swift */; };
		D0C3D1052A6401DB003FA2C9 /* SOXCoreDatabase.swift in Sources */ = {isa = PBXBuildFile; fileRef = D0C3D1042A6401DB003FA2C9 /* SOXCoreDatabase.swift */; };
		D0C3D1072A6402C8003FA2C9 /* SOXManagedObject.swift in Sources */ = {isa = PBXBuildFile; fileRef = D0C3D1062A6402C8003FA2C9 /* SOXManagedObject.swift */; };
		D0C3D1162A6402EE003FA2C9 /* NSManagedObject+Validation.swift in Sources */ = {isa = PBXBuildFile; fileRef = D0C3D1092A6402ED003FA2C9 /* NSManagedObject+Validation.swift */; };
		D0C3D1172A6402EE003FA2C9 /* NSManagedObjectContext+Forget.swift in Sources */ = {isa = PBXBuildFile; fileRef = D0C3D10A2A6402ED003FA2C9 /* NSManagedObjectContext+Forget.swift */; };
		D0C3D1182A6402EE003FA2C9 /* NSManagedObjectContext+FetchMethods.swift in Sources */ = {isa = PBXBuildFile; fileRef = D0C3D10B2A6402ED003FA2C9 /* NSManagedObjectContext+FetchMethods.swift */; };
		D0C3D1192A6402EE003FA2C9 /* NSManagedObject+Forget.swift in Sources */ = {isa = PBXBuildFile; fileRef = D0C3D10C2A6402ED003FA2C9 /* NSManagedObject+Forget.swift */; };
		D0C3D11A2A6402EE003FA2C9 /* NSManagedObject+DeepCopy.swift in Sources */ = {isa = PBXBuildFile; fileRef = D0C3D10D2A6402ED003FA2C9 /* NSManagedObject+DeepCopy.swift */; };
		D0C3D11B2A6402EE003FA2C9 /* NSManagedObjectContext+Perform.swift in Sources */ = {isa = PBXBuildFile; fileRef = D0C3D10E2A6402ED003FA2C9 /* NSManagedObjectContext+Perform.swift */; };
		D0C3D11C2A6402EE003FA2C9 /* NSManagedObjectContext+Statistics.swift in Sources */ = {isa = PBXBuildFile; fileRef = D0C3D10F2A6402ED003FA2C9 /* NSManagedObjectContext+Statistics.swift */; };
		D0C3D11D2A6402EE003FA2C9 /* NSManagedObjectContext+Filters.swift in Sources */ = {isa = PBXBuildFile; fileRef = D0C3D1102A6402ED003FA2C9 /* NSManagedObjectContext+Filters.swift */; };
		D0C3D11E2A6402EE003FA2C9 /* UUID+UUIDStringFromDictionary.swift in Sources */ = {isa = PBXBuildFile; fileRef = D0C3D1112A6402ED003FA2C9 /* UUID+UUIDStringFromDictionary.swift */; };
		D0C3D11F2A6402EE003FA2C9 /* NSManagedObjectContext+SaveMethods.swift in Sources */ = {isa = PBXBuildFile; fileRef = D0C3D1122A6402ED003FA2C9 /* NSManagedObjectContext+SaveMethods.swift */; };
		D0C3D1202A6402EE003FA2C9 /* NSManagedObject+Convenients.swift in Sources */ = {isa = PBXBuildFile; fileRef = D0C3D1132A6402ED003FA2C9 /* NSManagedObject+Convenients.swift */; };
		D0C3D1212A6402EE003FA2C9 /* NSManagedObject+ContextSwitch.swift in Sources */ = {isa = PBXBuildFile; fileRef = D0C3D1142A6402ED003FA2C9 /* NSManagedObject+ContextSwitch.swift */; };
		D0C3D1222A6402EE003FA2C9 /* NSManagedObject+Debugging.swift in Sources */ = {isa = PBXBuildFile; fileRef = D0C3D1152A6402ED003FA2C9 /* NSManagedObject+Debugging.swift */; };
		D0C3D1252A6403B0003FA2C9 /* UIApplication+Helper.swift in Sources */ = {isa = PBXBuildFile; fileRef = D0C3D1242A6403B0003FA2C9 /* UIApplication+Helper.swift */; };
		D0C3D1272A6403CB003FA2C9 /* SOXErrorManager.swift in Sources */ = {isa = PBXBuildFile; fileRef = D0C3D1262A6403CB003FA2C9 /* SOXErrorManager.swift */; };
		D0C3D1292A6403E5003FA2C9 /* DispatchQueue+Delay.swift in Sources */ = {isa = PBXBuildFile; fileRef = D0C3D1282A6403E5003FA2C9 /* DispatchQueue+Delay.swift */; };
		D0C3D12C2A6403FB003FA2C9 /* String+VersionCompare.swift in Sources */ = {isa = PBXBuildFile; fileRef = D0C3D12A2A6403FB003FA2C9 /* String+VersionCompare.swift */; };
		D0C3D12D2A6403FB003FA2C9 /* String+Lenght.swift in Sources */ = {isa = PBXBuildFile; fileRef = D0C3D12B2A6403FB003FA2C9 /* String+Lenght.swift */; };
		D0C3D12F2A640425003FA2C9 /* Collection+Convenice.swift in Sources */ = {isa = PBXBuildFile; fileRef = D0C3D12E2A640425003FA2C9 /* Collection+Convenice.swift */; };
		D0C3D1312A640AB7003FA2C9 /* SOXFileManager.swift in Sources */ = {isa = PBXBuildFile; fileRef = D0C3D1302A640AB6003FA2C9 /* SOXFileManager.swift */; };
/* End PBXBuildFile section */

/* Begin PBXContainerItemProxy section */
		D0C3D0D82A62E5B3003FA2C9 /* PBXContainerItemProxy */ = {
			isa = PBXContainerItemProxy;
			containerPortal = D0C3D0B62A62E5B1003FA2C9 /* Project object */;
			proxyType = 1;
			remoteGlobalIDString = D0C3D0BD2A62E5B1003FA2C9;
			remoteInfo = "Wo war ich letzte Nacht";
		};
		D0C3D0E22A62E5B3003FA2C9 /* PBXContainerItemProxy */ = {
			isa = PBXContainerItemProxy;
			containerPortal = D0C3D0B62A62E5B1003FA2C9 /* Project object */;
			proxyType = 1;
			remoteGlobalIDString = D0C3D0BD2A62E5B1003FA2C9;
			remoteInfo = "Wo war ich letzte Nacht";
		};
/* End PBXContainerItemProxy section */

/* Begin PBXFileReference section */
		D03298262A67F8A100FA787A /* SOXWatchDogFRC.swift */ = {isa = PBXFileReference; fileEncoding = 4; lastKnownFileType = sourcecode.swift; path = SOXWatchDogFRC.swift; sourceTree = "<group>"; };
		D03298272A67F8A100FA787A /* SOXTableViewDatasourceFRC.swift */ = {isa = PBXFileReference; fileEncoding = 4; lastKnownFileType = sourcecode.swift; path = SOXTableViewDatasourceFRC.swift; sourceTree = "<group>"; };
		D03298282A67F8A100FA787A /* SOXAbstractDatasourceFRC.swift */ = {isa = PBXFileReference; fileEncoding = 4; lastKnownFileType = sourcecode.swift; path = SOXAbstractDatasourceFRC.swift; sourceTree = "<group>"; };
		D032982C2A67F91000FA787A /* SOXDatasourceManagerDelegate.swift */ = {isa = PBXFileReference; fileEncoding = 4; lastKnownFileType = sourcecode.swift; path = SOXDatasourceManagerDelegate.swift; sourceTree = "<group>"; };
		D032982F2A67FC8C00FA787A /* SimpleAnnotation.swift */ = {isa = PBXFileReference; lastKnownFileType = sourcecode.swift; path = SimpleAnnotation.swift; sourceTree = "<group>"; };
		D03298312A6828A700FA787A /* SOXDatasourceManagerCellProtocol.swift */ = {isa = PBXFileReference; fileEncoding = 4; lastKnownFileType = sourcecode.swift; path = SOXDatasourceManagerCellProtocol.swift; sourceTree = "<group>"; };
		D03298332A68359400FA787A /* CoreDataLocationManager.swift */ = {isa = PBXFileReference; lastKnownFileType = sourcecode.swift; path = CoreDataLocationManager.swift; sourceTree = "<group>"; };
		D032983F2A683AC600FA787A /* TrackedLocation+CoreDataClass.swift */ = {isa = PBXFileReference; lastKnownFileType = sourcecode.swift; path = "TrackedLocation+CoreDataClass.swift"; sourceTree = "<group>"; };
		D03298402A683AC600FA787A /* TrackedLocation+CoreDataProperties.swift */ = {isa = PBXFileReference; lastKnownFileType = sourcecode.swift; path = "TrackedLocation+CoreDataProperties.swift"; sourceTree = "<group>"; };
		D03298452A688FF500FA787A /* TrackedVisit+CoreDataClass.swift */ = {isa = PBXFileReference; lastKnownFileType = sourcecode.swift; path = "TrackedVisit+CoreDataClass.swift"; sourceTree = "<group>"; };
		D03298462A688FF500FA787A /* TrackedVisit+CoreDataProperties.swift */ = {isa = PBXFileReference; lastKnownFileType = sourcecode.swift; path = "TrackedVisit+CoreDataProperties.swift"; sourceTree = "<group>"; };
		D0C3D0BE2A62E5B1003FA2C9 /* Wo war ich letzte Nacht.app */ = {isa = PBXFileReference; explicitFileType = wrapper.application; includeInIndex = 0; path = "Wo war ich letzte Nacht.app"; sourceTree = BUILT_PRODUCTS_DIR; };
		D0C3D0C12A62E5B1003FA2C9 /* AppDelegate.swift */ = {isa = PBXFileReference; lastKnownFileType = sourcecode.swift; path = AppDelegate.swift; sourceTree = "<group>"; };
		D0C3D0C32A62E5B1003FA2C9 /* SceneDelegate.swift */ = {isa = PBXFileReference; lastKnownFileType = sourcecode.swift; path = SceneDelegate.swift; sourceTree = "<group>"; };
		D0C3D0C52A62E5B1003FA2C9 /* ViewController.swift */ = {isa = PBXFileReference; lastKnownFileType = sourcecode.swift; path = ViewController.swift; sourceTree = "<group>"; };
		D0C3D0C82A62E5B1003FA2C9 /* Base */ = {isa = PBXFileReference; lastKnownFileType = file.storyboard; name = Base; path = Base.lproj/Main.storyboard; sourceTree = "<group>"; };
		D0C3D0CB2A62E5B1003FA2C9 /* Wo_war_ich_letzte_Nacht.xcdatamodel */ = {isa = PBXFileReference; lastKnownFileType = wrapper.xcdatamodel; path = Wo_war_ich_letzte_Nacht.xcdatamodel; sourceTree = "<group>"; };
		D0C3D0CD2A62E5B2003FA2C9 /* Assets.xcassets */ = {isa = PBXFileReference; lastKnownFileType = folder.assetcatalog; path = Assets.xcassets; sourceTree = "<group>"; };
		D0C3D0D02A62E5B2003FA2C9 /* Base */ = {isa = PBXFileReference; lastKnownFileType = file.storyboard; name = Base; path = Base.lproj/LaunchScreen.storyboard; sourceTree = "<group>"; };
		D0C3D0D22A62E5B2003FA2C9 /* Info.plist */ = {isa = PBXFileReference; lastKnownFileType = text.plist.xml; path = Info.plist; sourceTree = "<group>"; };
		D0C3D0D72A62E5B3003FA2C9 /* Wo war ich letzte NachtTests.xctest */ = {isa = PBXFileReference; explicitFileType = wrapper.cfbundle; includeInIndex = 0; path = "Wo war ich letzte NachtTests.xctest"; sourceTree = BUILT_PRODUCTS_DIR; };
		D0C3D0DB2A62E5B3003FA2C9 /* Wo_war_ich_letzte_NachtTests.swift */ = {isa = PBXFileReference; lastKnownFileType = sourcecode.swift; path = Wo_war_ich_letzte_NachtTests.swift; sourceTree = "<group>"; };
		D0C3D0E12A62E5B3003FA2C9 /* Wo war ich letzte NachtUITests.xctest */ = {isa = PBXFileReference; explicitFileType = wrapper.cfbundle; includeInIndex = 0; path = "Wo war ich letzte NachtUITests.xctest"; sourceTree = BUILT_PRODUCTS_DIR; };
		D0C3D0E52A62E5B3003FA2C9 /* Wo_war_ich_letzte_NachtUITests.swift */ = {isa = PBXFileReference; lastKnownFileType = sourcecode.swift; path = Wo_war_ich_letzte_NachtUITests.swift; sourceTree = "<group>"; };
		D0C3D0E72A62E5B3003FA2C9 /* Wo_war_ich_letzte_NachtUITestsLaunchTests.swift */ = {isa = PBXFileReference; lastKnownFileType = sourcecode.swift; path = Wo_war_ich_letzte_NachtUITestsLaunchTests.swift; sourceTree = "<group>"; };
		D0C3D0F92A63FE48003FA2C9 /* SettingsMainViewController.swift */ = {isa = PBXFileReference; lastKnownFileType = sourcecode.swift; path = SettingsMainViewController.swift; sourceTree = "<group>"; };
		D0C3D0FD2A63FE6C003FA2C9 /* LocationsViewController.swift */ = {isa = PBXFileReference; lastKnownFileType = sourcecode.swift; path = LocationsViewController.swift; sourceTree = "<group>"; };
		D0C3D0FF2A63FEEE003FA2C9 /* SOXLocationManagerDelegate.swift */ = {isa = PBXFileReference; fileEncoding = 4; lastKnownFileType = sourcecode.swift; path = SOXLocationManagerDelegate.swift; sourceTree = "<group>"; };
		D0C3D1002A63FEEE003FA2C9 /* SOXLocationManager.swift */ = {isa = PBXFileReference; fileEncoding = 4; lastKnownFileType = sourcecode.swift; path = SOXLocationManager.swift; sourceTree = "<group>"; };
		D0C3D1042A6401DB003FA2C9 /* SOXCoreDatabase.swift */ = {isa = PBXFileReference; fileEncoding = 4; lastKnownFileType = sourcecode.swift; path = SOXCoreDatabase.swift; sourceTree = "<group>"; };
		D0C3D1062A6402C8003FA2C9 /* SOXManagedObject.swift */ = {isa = PBXFileReference; fileEncoding = 4; lastKnownFileType = sourcecode.swift; path = SOXManagedObject.swift; sourceTree = "<group>"; };
		D0C3D1092A6402ED003FA2C9 /* NSManagedObject+Validation.swift */ = {isa = PBXFileReference; fileEncoding = 4; lastKnownFileType = sourcecode.swift; path = "NSManagedObject+Validation.swift"; sourceTree = "<group>"; };
		D0C3D10A2A6402ED003FA2C9 /* NSManagedObjectContext+Forget.swift */ = {isa = PBXFileReference; fileEncoding = 4; lastKnownFileType = sourcecode.swift; path = "NSManagedObjectContext+Forget.swift"; sourceTree = "<group>"; };
		D0C3D10B2A6402ED003FA2C9 /* NSManagedObjectContext+FetchMethods.swift */ = {isa = PBXFileReference; fileEncoding = 4; lastKnownFileType = sourcecode.swift; path = "NSManagedObjectContext+FetchMethods.swift"; sourceTree = "<group>"; };
		D0C3D10C2A6402ED003FA2C9 /* NSManagedObject+Forget.swift */ = {isa = PBXFileReference; fileEncoding = 4; lastKnownFileType = sourcecode.swift; path = "NSManagedObject+Forget.swift"; sourceTree = "<group>"; };
		D0C3D10D2A6402ED003FA2C9 /* NSManagedObject+DeepCopy.swift */ = {isa = PBXFileReference; fileEncoding = 4; lastKnownFileType = sourcecode.swift; path = "NSManagedObject+DeepCopy.swift"; sourceTree = "<group>"; };
		D0C3D10E2A6402ED003FA2C9 /* NSManagedObjectContext+Perform.swift */ = {isa = PBXFileReference; fileEncoding = 4; lastKnownFileType = sourcecode.swift; path = "NSManagedObjectContext+Perform.swift"; sourceTree = "<group>"; };
		D0C3D10F2A6402ED003FA2C9 /* NSManagedObjectContext+Statistics.swift */ = {isa = PBXFileReference; fileEncoding = 4; lastKnownFileType = sourcecode.swift; path = "NSManagedObjectContext+Statistics.swift"; sourceTree = "<group>"; };
		D0C3D1102A6402ED003FA2C9 /* NSManagedObjectContext+Filters.swift */ = {isa = PBXFileReference; fileEncoding = 4; lastKnownFileType = sourcecode.swift; path = "NSManagedObjectContext+Filters.swift"; sourceTree = "<group>"; };
		D0C3D1112A6402ED003FA2C9 /* UUID+UUIDStringFromDictionary.swift */ = {isa = PBXFileReference; fileEncoding = 4; lastKnownFileType = sourcecode.swift; path = "UUID+UUIDStringFromDictionary.swift"; sourceTree = "<group>"; };
		D0C3D1122A6402ED003FA2C9 /* NSManagedObjectContext+SaveMethods.swift */ = {isa = PBXFileReference; fileEncoding = 4; lastKnownFileType = sourcecode.swift; path = "NSManagedObjectContext+SaveMethods.swift"; sourceTree = "<group>"; };
		D0C3D1132A6402ED003FA2C9 /* NSManagedObject+Convenients.swift */ = {isa = PBXFileReference; fileEncoding = 4; lastKnownFileType = sourcecode.swift; path = "NSManagedObject+Convenients.swift"; sourceTree = "<group>"; };
		D0C3D1142A6402ED003FA2C9 /* NSManagedObject+ContextSwitch.swift */ = {isa = PBXFileReference; fileEncoding = 4; lastKnownFileType = sourcecode.swift; path = "NSManagedObject+ContextSwitch.swift"; sourceTree = "<group>"; };
		D0C3D1152A6402ED003FA2C9 /* NSManagedObject+Debugging.swift */ = {isa = PBXFileReference; fileEncoding = 4; lastKnownFileType = sourcecode.swift; path = "NSManagedObject+Debugging.swift"; sourceTree = "<group>"; };
		D0C3D1242A6403B0003FA2C9 /* UIApplication+Helper.swift */ = {isa = PBXFileReference; fileEncoding = 4; lastKnownFileType = sourcecode.swift; path = "UIApplication+Helper.swift"; sourceTree = "<group>"; };
		D0C3D1262A6403CB003FA2C9 /* SOXErrorManager.swift */ = {isa = PBXFileReference; fileEncoding = 4; lastKnownFileType = sourcecode.swift; path = SOXErrorManager.swift; sourceTree = "<group>"; };
		D0C3D1282A6403E5003FA2C9 /* DispatchQueue+Delay.swift */ = {isa = PBXFileReference; fileEncoding = 4; lastKnownFileType = sourcecode.swift; path = "DispatchQueue+Delay.swift"; sourceTree = "<group>"; };
		D0C3D12A2A6403FB003FA2C9 /* String+VersionCompare.swift */ = {isa = PBXFileReference; fileEncoding = 4; lastKnownFileType = sourcecode.swift; path = "String+VersionCompare.swift"; sourceTree = "<group>"; };
		D0C3D12B2A6403FB003FA2C9 /* String+Lenght.swift */ = {isa = PBXFileReference; fileEncoding = 4; lastKnownFileType = sourcecode.swift; path = "String+Lenght.swift"; sourceTree = "<group>"; };
		D0C3D12E2A640425003FA2C9 /* Collection+Convenice.swift */ = {isa = PBXFileReference; fileEncoding = 4; lastKnownFileType = sourcecode.swift; path = "Collection+Convenice.swift"; sourceTree = "<group>"; };
		D0C3D1302A640AB6003FA2C9 /* SOXFileManager.swift */ = {isa = PBXFileReference; fileEncoding = 4; lastKnownFileType = sourcecode.swift; path = SOXFileManager.swift; sourceTree = "<group>"; };
/* End PBXFileReference section */

/* Begin PBXFrameworksBuildPhase section */
		D0C3D0BB2A62E5B1003FA2C9 /* Frameworks */ = {
			isa = PBXFrameworksBuildPhase;
			buildActionMask = 2147483647;
			files = (
			);
			runOnlyForDeploymentPostprocessing = 0;
		};
		D0C3D0D42A62E5B3003FA2C9 /* Frameworks */ = {
			isa = PBXFrameworksBuildPhase;
			buildActionMask = 2147483647;
			files = (
			);
			runOnlyForDeploymentPostprocessing = 0;
		};
		D0C3D0DE2A62E5B3003FA2C9 /* Frameworks */ = {
			isa = PBXFrameworksBuildPhase;
			buildActionMask = 2147483647;
			files = (
			);
			runOnlyForDeploymentPostprocessing = 0;
		};
/* End PBXFrameworksBuildPhase section */

/* Begin PBXGroup section */
		D032982E2A67FC7F00FA787A /* Map */ = {
			isa = PBXGroup;
			children = (
				D032982F2A67FC8C00FA787A /* SimpleAnnotation.swift */,
			);
			path = Map;
			sourceTree = "<group>";
		};
		D0C3D0B52A62E5B1003FA2C9 = {
			isa = PBXGroup;
			children = (
				D0C3D0C02A62E5B1003FA2C9 /* Wo war ich letzte Nacht */,
				D0C3D0DA2A62E5B3003FA2C9 /* Wo war ich letzte NachtTests */,
				D0C3D0E42A62E5B3003FA2C9 /* Wo war ich letzte NachtUITests */,
				D0C3D0BF2A62E5B1003FA2C9 /* Products */,
			);
			sourceTree = "<group>";
		};
		D0C3D0BF2A62E5B1003FA2C9 /* Products */ = {
			isa = PBXGroup;
			children = (
				D0C3D0BE2A62E5B1003FA2C9 /* Wo war ich letzte Nacht.app */,
				D0C3D0D72A62E5B3003FA2C9 /* Wo war ich letzte NachtTests.xctest */,
				D0C3D0E12A62E5B3003FA2C9 /* Wo war ich letzte NachtUITests.xctest */,
			);
			name = Products;
			sourceTree = "<group>";
		};
		D0C3D0C02A62E5B1003FA2C9 /* Wo war ich letzte Nacht */ = {
			isa = PBXGroup;
			children = (
				D0C3D1232A6403A4003FA2C9 /* Extensions */,
				D0C3D0C12A62E5B1003FA2C9 /* AppDelegate.swift */,
				D0C3D0C32A62E5B1003FA2C9 /* SceneDelegate.swift */,
				D0C3D0F82A63FDA7003FA2C9 /* Manager */,
				D0C3D0F72A63FDA1003FA2C9 /* Controller */,
				D0C3D0F42A63FD72003FA2C9 /* Core Data */,
				D0C3D0C52A62E5B1003FA2C9 /* ViewController.swift */,
				D0C3D0C72A62E5B1003FA2C9 /* Main.storyboard */,
				D0C3D0CD2A62E5B2003FA2C9 /* Assets.xcassets */,
				D0C3D0CF2A62E5B2003FA2C9 /* LaunchScreen.storyboard */,
				D0C3D0D22A62E5B2003FA2C9 /* Info.plist */,
			);
			path = "Wo war ich letzte Nacht";
			sourceTree = "<group>";
		};
		D0C3D0DA2A62E5B3003FA2C9 /* Wo war ich letzte NachtTests */ = {
			isa = PBXGroup;
			children = (
				D0C3D0DB2A62E5B3003FA2C9 /* Wo_war_ich_letzte_NachtTests.swift */,
			);
			path = "Wo war ich letzte NachtTests";
			sourceTree = "<group>";
		};
		D0C3D0E42A62E5B3003FA2C9 /* Wo war ich letzte NachtUITests */ = {
			isa = PBXGroup;
			children = (
				D0C3D0E52A62E5B3003FA2C9 /* Wo_war_ich_letzte_NachtUITests.swift */,
				D0C3D0E72A62E5B3003FA2C9 /* Wo_war_ich_letzte_NachtUITestsLaunchTests.swift */,
			);
			path = "Wo war ich letzte NachtUITests";
			sourceTree = "<group>";
		};
		D0C3D0F42A63FD72003FA2C9 /* Core Data */ = {
			isa = PBXGroup;
			children = (
				D03298332A68359400FA787A /* CoreDataLocationManager.swift */,
				D0C3D1042A6401DB003FA2C9 /* SOXCoreDatabase.swift */,
				D0C3D1062A6402C8003FA2C9 /* SOXManagedObject.swift */,
				D03298282A67F8A100FA787A /* SOXAbstractDatasourceFRC.swift */,
				D03298272A67F8A100FA787A /* SOXTableViewDatasourceFRC.swift */,
				D032982C2A67F91000FA787A /* SOXDatasourceManagerDelegate.swift */,
				D03298312A6828A700FA787A /* SOXDatasourceManagerCellProtocol.swift */,
				D03298262A67F8A100FA787A /* SOXWatchDogFRC.swift */,
				D0C3D1082A6402ED003FA2C9 /* Extensions */,
				D0C3D0CA2A62E5B1003FA2C9 /* Wo_war_ich_letzte_Nacht.xcdatamodeld */,
				D0C3D0F52A63FD7A003FA2C9 /* Entities */,
				D0C3D0F62A63FD81003FA2C9 /* Entity Categories */,
			);
			path = "Core Data";
			sourceTree = "<group>";
		};
		D0C3D0F52A63FD7A003FA2C9 /* Entities */ = {
			isa = PBXGroup;
			children = (
				D032983F2A683AC600FA787A /* TrackedLocation+CoreDataClass.swift */,
				D03298452A688FF500FA787A /* TrackedVisit+CoreDataClass.swift */,
			);
			path = Entities;
			sourceTree = "<group>";
		};
		D0C3D0F62A63FD81003FA2C9 /* Entity Categories */ = {
			isa = PBXGroup;
			children = (
				D03298402A683AC600FA787A /* TrackedLocation+CoreDataProperties.swift */,
				D03298462A688FF500FA787A /* TrackedVisit+CoreDataProperties.swift */,
			);
			path = "Entity Categories";
			sourceTree = "<group>";
		};
		D0C3D0F72A63FDA1003FA2C9 /* Controller */ = {
			isa = PBXGroup;
			children = (
				D032982E2A67FC7F00FA787A /* Map */,
				D0C3D0FD2A63FE6C003FA2C9 /* LocationsViewController.swift */,
				D0C3D0F92A63FE48003FA2C9 /* SettingsMainViewController.swift */,
			);
			path = Controller;
			sourceTree = "<group>";
		};
		D0C3D0F82A63FDA7003FA2C9 /* Manager */ = {
			isa = PBXGroup;
			children = (
				D0C3D1302A640AB6003FA2C9 /* SOXFileManager.swift */,
				D0C3D1262A6403CB003FA2C9 /* SOXErrorManager.swift */,
				D0C3D1032A63FEF9003FA2C9 /* Location */,
			);
			path = Manager;
			sourceTree = "<group>";
		};
		D0C3D1032A63FEF9003FA2C9 /* Location */ = {
			isa = PBXGroup;
			children = (
				D0C3D1002A63FEEE003FA2C9 /* SOXLocationManager.swift */,
				D0C3D0FF2A63FEEE003FA2C9 /* SOXLocationManagerDelegate.swift */,
			);
			path = Location;
			sourceTree = "<group>";
		};
		D0C3D1082A6402ED003FA2C9 /* Extensions */ = {
			isa = PBXGroup;
			children = (
				D0C3D1092A6402ED003FA2C9 /* NSManagedObject+Validation.swift */,
				D0C3D10A2A6402ED003FA2C9 /* NSManagedObjectContext+Forget.swift */,
				D0C3D10B2A6402ED003FA2C9 /* NSManagedObjectContext+FetchMethods.swift */,
				D0C3D10C2A6402ED003FA2C9 /* NSManagedObject+Forget.swift */,
				D0C3D10D2A6402ED003FA2C9 /* NSManagedObject+DeepCopy.swift */,
				D0C3D10E2A6402ED003FA2C9 /* NSManagedObjectContext+Perform.swift */,
				D0C3D10F2A6402ED003FA2C9 /* NSManagedObjectContext+Statistics.swift */,
				D0C3D1102A6402ED003FA2C9 /* NSManagedObjectContext+Filters.swift */,
				D0C3D1112A6402ED003FA2C9 /* UUID+UUIDStringFromDictionary.swift */,
				D0C3D1122A6402ED003FA2C9 /* NSManagedObjectContext+SaveMethods.swift */,
				D0C3D1132A6402ED003FA2C9 /* NSManagedObject+Convenients.swift */,
				D0C3D1142A6402ED003FA2C9 /* NSManagedObject+ContextSwitch.swift */,
				D0C3D1152A6402ED003FA2C9 /* NSManagedObject+Debugging.swift */,
			);
			path = Extensions;
			sourceTree = "<group>";
		};
		D0C3D1232A6403A4003FA2C9 /* Extensions */ = {
			isa = PBXGroup;
			children = (
				D0C3D12E2A640425003FA2C9 /* Collection+Convenice.swift */,
				D0C3D1282A6403E5003FA2C9 /* DispatchQueue+Delay.swift */,
				D0C3D12B2A6403FB003FA2C9 /* String+Lenght.swift */,
				D0C3D12A2A6403FB003FA2C9 /* String+VersionCompare.swift */,
				D0C3D1242A6403B0003FA2C9 /* UIApplication+Helper.swift */,
			);
			path = Extensions;
			sourceTree = "<group>";
		};
/* End PBXGroup section */

/* Begin PBXNativeTarget section */
		D0C3D0BD2A62E5B1003FA2C9 /* Wo war ich letzte Nacht */ = {
			isa = PBXNativeTarget;
			buildConfigurationList = D0C3D0EB2A62E5B3003FA2C9 /* Build configuration list for PBXNativeTarget "Wo war ich letzte Nacht" */;
			buildPhases = (
				D0C3D0BA2A62E5B1003FA2C9 /* Sources */,
				D0C3D0BB2A62E5B1003FA2C9 /* Frameworks */,
				D0C3D0BC2A62E5B1003FA2C9 /* Resources */,
			);
			buildRules = (
			);
			dependencies = (
			);
			name = "Wo war ich letzte Nacht";
			productName = "Wo war ich letzte Nacht";
			productReference = D0C3D0BE2A62E5B1003FA2C9 /* Wo war ich letzte Nacht.app */;
			productType = "com.apple.product-type.application";
		};
		D0C3D0D62A62E5B3003FA2C9 /* Wo war ich letzte NachtTests */ = {
			isa = PBXNativeTarget;
			buildConfigurationList = D0C3D0EE2A62E5B3003FA2C9 /* Build configuration list for PBXNativeTarget "Wo war ich letzte NachtTests" */;
			buildPhases = (
				D0C3D0D32A62E5B3003FA2C9 /* Sources */,
				D0C3D0D42A62E5B3003FA2C9 /* Frameworks */,
				D0C3D0D52A62E5B3003FA2C9 /* Resources */,
			);
			buildRules = (
			);
			dependencies = (
				D0C3D0D92A62E5B3003FA2C9 /* PBXTargetDependency */,
			);
			name = "Wo war ich letzte NachtTests";
			productName = "Wo war ich letzte NachtTests";
			productReference = D0C3D0D72A62E5B3003FA2C9 /* Wo war ich letzte NachtTests.xctest */;
			productType = "com.apple.product-type.bundle.unit-test";
		};
		D0C3D0E02A62E5B3003FA2C9 /* Wo war ich letzte NachtUITests */ = {
			isa = PBXNativeTarget;
			buildConfigurationList = D0C3D0F12A62E5B3003FA2C9 /* Build configuration list for PBXNativeTarget "Wo war ich letzte NachtUITests" */;
			buildPhases = (
				D0C3D0DD2A62E5B3003FA2C9 /* Sources */,
				D0C3D0DE2A62E5B3003FA2C9 /* Frameworks */,
				D0C3D0DF2A62E5B3003FA2C9 /* Resources */,
			);
			buildRules = (
			);
			dependencies = (
				D0C3D0E32A62E5B3003FA2C9 /* PBXTargetDependency */,
			);
			name = "Wo war ich letzte NachtUITests";
			productName = "Wo war ich letzte NachtUITests";
			productReference = D0C3D0E12A62E5B3003FA2C9 /* Wo war ich letzte NachtUITests.xctest */;
			productType = "com.apple.product-type.bundle.ui-testing";
		};
/* End PBXNativeTarget section */

/* Begin PBXProject section */
		D0C3D0B62A62E5B1003FA2C9 /* Project object */ = {
			isa = PBXProject;
			attributes = {
				BuildIndependentTargetsInParallel = 1;
				LastSwiftUpdateCheck = 1430;
				LastUpgradeCheck = 1430;
				TargetAttributes = {
					D0C3D0BD2A62E5B1003FA2C9 = {
						CreatedOnToolsVersion = 14.3.1;
					};
					D0C3D0D62A62E5B3003FA2C9 = {
						CreatedOnToolsVersion = 14.3.1;
						TestTargetID = D0C3D0BD2A62E5B1003FA2C9;
					};
					D0C3D0E02A62E5B3003FA2C9 = {
						CreatedOnToolsVersion = 14.3.1;
						TestTargetID = D0C3D0BD2A62E5B1003FA2C9;
					};
				};
			};
			buildConfigurationList = D0C3D0B92A62E5B1003FA2C9 /* Build configuration list for PBXProject "Wo war ich letzte Nacht" */;
			compatibilityVersion = "Xcode 14.0";
			developmentRegion = en;
			hasScannedForEncodings = 0;
			knownRegions = (
				en,
				Base,
			);
			mainGroup = D0C3D0B52A62E5B1003FA2C9;
			productRefGroup = D0C3D0BF2A62E5B1003FA2C9 /* Products */;
			projectDirPath = "";
			projectRoot = "";
			targets = (
				D0C3D0BD2A62E5B1003FA2C9 /* Wo war ich letzte Nacht */,
				D0C3D0D62A62E5B3003FA2C9 /* Wo war ich letzte NachtTests */,
				D0C3D0E02A62E5B3003FA2C9 /* Wo war ich letzte NachtUITests */,
			);
		};
/* End PBXProject section */

/* Begin PBXResourcesBuildPhase section */
		D0C3D0BC2A62E5B1003FA2C9 /* Resources */ = {
			isa = PBXResourcesBuildPhase;
			buildActionMask = 2147483647;
			files = (
				D0C3D0D12A62E5B2003FA2C9 /* LaunchScreen.storyboard in Resources */,
				D0C3D0CE2A62E5B2003FA2C9 /* Assets.xcassets in Resources */,
				D0C3D0C92A62E5B1003FA2C9 /* Main.storyboard in Resources */,
			);
			runOnlyForDeploymentPostprocessing = 0;
		};
		D0C3D0D52A62E5B3003FA2C9 /* Resources */ = {
			isa = PBXResourcesBuildPhase;
			buildActionMask = 2147483647;
			files = (
			);
			runOnlyForDeploymentPostprocessing = 0;
		};
		D0C3D0DF2A62E5B3003FA2C9 /* Resources */ = {
			isa = PBXResourcesBuildPhase;
			buildActionMask = 2147483647;
			files = (
			);
			runOnlyForDeploymentPostprocessing = 0;
		};
/* End PBXResourcesBuildPhase section */

/* Begin PBXSourcesBuildPhase section */
		D0C3D0BA2A62E5B1003FA2C9 /* Sources */ = {
			isa = PBXSourcesBuildPhase;
			buildActionMask = 2147483647;
			files = (
				D032982D2A67F91000FA787A /* SOXDatasourceManagerDelegate.swift in Sources */,
				D0C3D0C62A62E5B1003FA2C9 /* ViewController.swift in Sources */,
				D0C3D11C2A6402EE003FA2C9 /* NSManagedObjectContext+Statistics.swift in Sources */,
				D0C3D1252A6403B0003FA2C9 /* UIApplication+Helper.swift in Sources */,
				D0C3D1022A63FEEE003FA2C9 /* SOXLocationManager.swift in Sources */,
				D0C3D0C22A62E5B1003FA2C9 /* AppDelegate.swift in Sources */,
				D0C3D12C2A6403FB003FA2C9 /* String+VersionCompare.swift in Sources */,
				D0C3D0CC2A62E5B1003FA2C9 /* Wo_war_ich_letzte_Nacht.xcdatamodeld in Sources */,
				D0C3D11D2A6402EE003FA2C9 /* NSManagedObjectContext+Filters.swift in Sources */,
				D0C3D1192A6402EE003FA2C9 /* NSManagedObject+Forget.swift in Sources */,
				D03298292A67F8A100FA787A /* SOXWatchDogFRC.swift in Sources */,
				D03298442A683AC600FA787A /* TrackedLocation+CoreDataProperties.swift in Sources */,
				D0C3D0C42A62E5B1003FA2C9 /* SceneDelegate.swift in Sources */,
				D032982B2A67F8A100FA787A /* SOXAbstractDatasourceFRC.swift in Sources */,
				D0C3D1202A6402EE003FA2C9 /* NSManagedObject+Convenients.swift in Sources */,
				D0C3D1182A6402EE003FA2C9 /* NSManagedObjectContext+FetchMethods.swift in Sources */,
				D0C3D1312A640AB7003FA2C9 /* SOXFileManager.swift in Sources */,
				D0C3D1012A63FEEE003FA2C9 /* SOXLocationManagerDelegate.swift in Sources */,
				D03298302A67FC8C00FA787A /* SimpleAnnotation.swift in Sources */,
				D0C3D12F2A640425003FA2C9 /* Collection+Convenice.swift in Sources */,
				D03298342A68359400FA787A /* CoreDataLocationManager.swift in Sources */,
				D0C3D1052A6401DB003FA2C9 /* SOXCoreDatabase.swift in Sources */,
				D0C3D1072A6402C8003FA2C9 /* SOXManagedObject.swift in Sources */,
				D0C3D1212A6402EE003FA2C9 /* NSManagedObject+ContextSwitch.swift in Sources */,
				D0C3D0FA2A63FE48003FA2C9 /* SettingsMainViewController.swift in Sources */,
				D03298482A688FF500FA787A /* TrackedVisit+CoreDataProperties.swift in Sources */,
				D0C3D1162A6402EE003FA2C9 /* NSManagedObject+Validation.swift in Sources */,
				D0C3D1292A6403E5003FA2C9 /* DispatchQueue+Delay.swift in Sources */,
				D0C3D11E2A6402EE003FA2C9 /* UUID+UUIDStringFromDictionary.swift in Sources */,
				D0C3D11F2A6402EE003FA2C9 /* NSManagedObjectContext+SaveMethods.swift in Sources */,
				D0C3D1172A6402EE003FA2C9 /* NSManagedObjectContext+Forget.swift in Sources */,
				D0C3D12D2A6403FB003FA2C9 /* String+Lenght.swift in Sources */,
				D0C3D0FE2A63FE6C003FA2C9 /* LocationsViewController.swift in Sources */,
				D03298472A688FF500FA787A /* TrackedVisit+CoreDataClass.swift in Sources */,
				D0C3D1222A6402EE003FA2C9 /* NSManagedObject+Debugging.swift in Sources */,
				D03298432A683AC600FA787A /* TrackedLocation+CoreDataClass.swift in Sources */,
				D03298322A6828A800FA787A /* SOXDatasourceManagerCellProtocol.swift in Sources */,
				D0C3D11A2A6402EE003FA2C9 /* NSManagedObject+DeepCopy.swift in Sources */,
				D032982A2A67F8A100FA787A /* SOXTableViewDatasourceFRC.swift in Sources */,
				D0C3D1272A6403CB003FA2C9 /* SOXErrorManager.swift in Sources */,
				D0C3D11B2A6402EE003FA2C9 /* NSManagedObjectContext+Perform.swift in Sources */,
			);
			runOnlyForDeploymentPostprocessing = 0;
		};
		D0C3D0D32A62E5B3003FA2C9 /* Sources */ = {
			isa = PBXSourcesBuildPhase;
			buildActionMask = 2147483647;
			files = (
				D0C3D0DC2A62E5B3003FA2C9 /* Wo_war_ich_letzte_NachtTests.swift in Sources */,
			);
			runOnlyForDeploymentPostprocessing = 0;
		};
		D0C3D0DD2A62E5B3003FA2C9 /* Sources */ = {
			isa = PBXSourcesBuildPhase;
			buildActionMask = 2147483647;
			files = (
				D0C3D0E62A62E5B3003FA2C9 /* Wo_war_ich_letzte_NachtUITests.swift in Sources */,
				D0C3D0E82A62E5B3003FA2C9 /* Wo_war_ich_letzte_NachtUITestsLaunchTests.swift in Sources */,
			);
			runOnlyForDeploymentPostprocessing = 0;
		};
/* End PBXSourcesBuildPhase section */

/* Begin PBXTargetDependency section */
		D0C3D0D92A62E5B3003FA2C9 /* PBXTargetDependency */ = {
			isa = PBXTargetDependency;
			target = D0C3D0BD2A62E5B1003FA2C9 /* Wo war ich letzte Nacht */;
			targetProxy = D0C3D0D82A62E5B3003FA2C9 /* PBXContainerItemProxy */;
		};
		D0C3D0E32A62E5B3003FA2C9 /* PBXTargetDependency */ = {
			isa = PBXTargetDependency;
			target = D0C3D0BD2A62E5B1003FA2C9 /* Wo war ich letzte Nacht */;
			targetProxy = D0C3D0E22A62E5B3003FA2C9 /* PBXContainerItemProxy */;
		};
/* End PBXTargetDependency section */

/* Begin PBXVariantGroup section */
		D0C3D0C72A62E5B1003FA2C9 /* Main.storyboard */ = {
			isa = PBXVariantGroup;
			children = (
				D0C3D0C82A62E5B1003FA2C9 /* Base */,
			);
			name = Main.storyboard;
			sourceTree = "<group>";
		};
		D0C3D0CF2A62E5B2003FA2C9 /* LaunchScreen.storyboard */ = {
			isa = PBXVariantGroup;
			children = (
				D0C3D0D02A62E5B2003FA2C9 /* Base */,
			);
			name = LaunchScreen.storyboard;
			sourceTree = "<group>";
		};
/* End PBXVariantGroup section */

/* Begin XCBuildConfiguration section */
		D0C3D0E92A62E5B3003FA2C9 /* Debug */ = {
			isa = XCBuildConfiguration;
			buildSettings = {
				ALWAYS_SEARCH_USER_PATHS = NO;
				CLANG_ANALYZER_NONNULL = YES;
				CLANG_ANALYZER_NUMBER_OBJECT_CONVERSION = YES_AGGRESSIVE;
				CLANG_CXX_LANGUAGE_STANDARD = "gnu++20";
				CLANG_ENABLE_MODULES = YES;
				CLANG_ENABLE_OBJC_ARC = YES;
				CLANG_ENABLE_OBJC_WEAK = YES;
				CLANG_WARN_BLOCK_CAPTURE_AUTORELEASING = YES;
				CLANG_WARN_BOOL_CONVERSION = YES;
				CLANG_WARN_COMMA = YES;
				CLANG_WARN_CONSTANT_CONVERSION = YES;
				CLANG_WARN_DEPRECATED_OBJC_IMPLEMENTATIONS = YES;
				CLANG_WARN_DIRECT_OBJC_ISA_USAGE = YES_ERROR;
				CLANG_WARN_DOCUMENTATION_COMMENTS = YES;
				CLANG_WARN_EMPTY_BODY = YES;
				CLANG_WARN_ENUM_CONVERSION = YES;
				CLANG_WARN_INFINITE_RECURSION = YES;
				CLANG_WARN_INT_CONVERSION = YES;
				CLANG_WARN_NON_LITERAL_NULL_CONVERSION = YES;
				CLANG_WARN_OBJC_IMPLICIT_RETAIN_SELF = YES;
				CLANG_WARN_OBJC_LITERAL_CONVERSION = YES;
				CLANG_WARN_OBJC_ROOT_CLASS = YES_ERROR;
				CLANG_WARN_QUOTED_INCLUDE_IN_FRAMEWORK_HEADER = YES;
				CLANG_WARN_RANGE_LOOP_ANALYSIS = YES;
				CLANG_WARN_STRICT_PROTOTYPES = YES;
				CLANG_WARN_SUSPICIOUS_MOVE = YES;
				CLANG_WARN_UNGUARDED_AVAILABILITY = YES_AGGRESSIVE;
				CLANG_WARN_UNREACHABLE_CODE = YES;
				CLANG_WARN__DUPLICATE_METHOD_MATCH = YES;
				COPY_PHASE_STRIP = NO;
				DEBUG_INFORMATION_FORMAT = dwarf;
				ENABLE_STRICT_OBJC_MSGSEND = YES;
				ENABLE_TESTABILITY = YES;
				GCC_C_LANGUAGE_STANDARD = gnu11;
				GCC_DYNAMIC_NO_PIC = NO;
				GCC_NO_COMMON_BLOCKS = YES;
				GCC_OPTIMIZATION_LEVEL = 0;
				GCC_PREPROCESSOR_DEFINITIONS = (
					"DEBUG=1",
					"$(inherited)",
				);
				GCC_WARN_64_TO_32_BIT_CONVERSION = YES;
				GCC_WARN_ABOUT_RETURN_TYPE = YES_ERROR;
				GCC_WARN_UNDECLARED_SELECTOR = YES;
				GCC_WARN_UNINITIALIZED_AUTOS = YES_AGGRESSIVE;
				GCC_WARN_UNUSED_FUNCTION = YES;
				GCC_WARN_UNUSED_VARIABLE = YES;
				IPHONEOS_DEPLOYMENT_TARGET = 16.3;
				MTL_ENABLE_DEBUG_INFO = INCLUDE_SOURCE;
				MTL_FAST_MATH = YES;
				ONLY_ACTIVE_ARCH = YES;
				SDKROOT = iphoneos;
				SWIFT_ACTIVE_COMPILATION_CONDITIONS = DEBUG;
				SWIFT_OPTIMIZATION_LEVEL = "-Onone";
			};
			name = Debug;
		};
		D0C3D0EA2A62E5B3003FA2C9 /* Release */ = {
			isa = XCBuildConfiguration;
			buildSettings = {
				ALWAYS_SEARCH_USER_PATHS = NO;
				CLANG_ANALYZER_NONNULL = YES;
				CLANG_ANALYZER_NUMBER_OBJECT_CONVERSION = YES_AGGRESSIVE;
				CLANG_CXX_LANGUAGE_STANDARD = "gnu++20";
				CLANG_ENABLE_MODULES = YES;
				CLANG_ENABLE_OBJC_ARC = YES;
				CLANG_ENABLE_OBJC_WEAK = YES;
				CLANG_WARN_BLOCK_CAPTURE_AUTORELEASING = YES;
				CLANG_WARN_BOOL_CONVERSION = YES;
				CLANG_WARN_COMMA = YES;
				CLANG_WARN_CONSTANT_CONVERSION = YES;
				CLANG_WARN_DEPRECATED_OBJC_IMPLEMENTATIONS = YES;
				CLANG_WARN_DIRECT_OBJC_ISA_USAGE = YES_ERROR;
				CLANG_WARN_DOCUMENTATION_COMMENTS = YES;
				CLANG_WARN_EMPTY_BODY = YES;
				CLANG_WARN_ENUM_CONVERSION = YES;
				CLANG_WARN_INFINITE_RECURSION = YES;
				CLANG_WARN_INT_CONVERSION = YES;
				CLANG_WARN_NON_LITERAL_NULL_CONVERSION = YES;
				CLANG_WARN_OBJC_IMPLICIT_RETAIN_SELF = YES;
				CLANG_WARN_OBJC_LITERAL_CONVERSION = YES;
				CLANG_WARN_OBJC_ROOT_CLASS = YES_ERROR;
				CLANG_WARN_QUOTED_INCLUDE_IN_FRAMEWORK_HEADER = YES;
				CLANG_WARN_RANGE_LOOP_ANALYSIS = YES;
				CLANG_WARN_STRICT_PROTOTYPES = YES;
				CLANG_WARN_SUSPICIOUS_MOVE = YES;
				CLANG_WARN_UNGUARDED_AVAILABILITY = YES_AGGRESSIVE;
				CLANG_WARN_UNREACHABLE_CODE = YES;
				CLANG_WARN__DUPLICATE_METHOD_MATCH = YES;
				COPY_PHASE_STRIP = NO;
				DEBUG_INFORMATION_FORMAT = "dwarf-with-dsym";
				ENABLE_NS_ASSERTIONS = NO;
				ENABLE_STRICT_OBJC_MSGSEND = YES;
				GCC_C_LANGUAGE_STANDARD = gnu11;
				GCC_NO_COMMON_BLOCKS = YES;
				GCC_WARN_64_TO_32_BIT_CONVERSION = YES;
				GCC_WARN_ABOUT_RETURN_TYPE = YES_ERROR;
				GCC_WARN_UNDECLARED_SELECTOR = YES;
				GCC_WARN_UNINITIALIZED_AUTOS = YES_AGGRESSIVE;
				GCC_WARN_UNUSED_FUNCTION = YES;
				GCC_WARN_UNUSED_VARIABLE = YES;
				IPHONEOS_DEPLOYMENT_TARGET = 16.3;
				MTL_ENABLE_DEBUG_INFO = NO;
				MTL_FAST_MATH = YES;
				SDKROOT = iphoneos;
				SWIFT_COMPILATION_MODE = wholemodule;
				SWIFT_OPTIMIZATION_LEVEL = "-O";
				VALIDATE_PRODUCT = YES;
			};
			name = Release;
		};
		D0C3D0EC2A62E5B3003FA2C9 /* Debug */ = {
			isa = XCBuildConfiguration;
			buildSettings = {
				ASSETCATALOG_COMPILER_APPICON_NAME = AppIcon;
				ASSETCATALOG_COMPILER_GLOBAL_ACCENT_COLOR_NAME = AccentColor;
				CODE_SIGN_STYLE = Automatic;
				CURRENT_PROJECT_VERSION = 1;
				DEVELOPMENT_TEAM = URATVA2LKM;
				GENERATE_INFOPLIST_FILE = YES;
				INFOPLIST_FILE = "Wo war ich letzte Nacht/Info.plist";
				INFOPLIST_KEY_CFBundleDisplayName = "Ja wo nur?";
				INFOPLIST_KEY_NSLocationAlwaysAndWhenInUseUsageDescription = "Damit es klappt, muss die App \"Immer\" Zugriff auf die Location haben!";
				INFOPLIST_KEY_NSLocationUsageDescription = "Damit es klappt, muss die App \"Immer\" Zugriff auf die Location haben!";
				INFOPLIST_KEY_NSLocationWhenInUseUsageDescription = "Damit es klappt, muss die App \"Immer\" Zugriff auf die Location haben!";
				INFOPLIST_KEY_UIApplicationSupportsIndirectInputEvents = YES;
				INFOPLIST_KEY_UILaunchStoryboardName = LaunchScreen;
				INFOPLIST_KEY_UIMainStoryboardFile = Main;
				INFOPLIST_KEY_UISupportedInterfaceOrientations_iPad = "UIInterfaceOrientationPortrait UIInterfaceOrientationPortraitUpsideDown UIInterfaceOrientationLandscapeLeft UIInterfaceOrientationLandscapeRight";
				INFOPLIST_KEY_UISupportedInterfaceOrientations_iPhone = "UIInterfaceOrientationPortrait UIInterfaceOrientationLandscapeLeft UIInterfaceOrientationLandscapeRight";
				LD_RUNPATH_SEARCH_PATHS = (
					"$(inherited)",
					"@executable_path/Frameworks",
				);
				MARKETING_VERSION = 1.0;
				PRODUCT_BUNDLE_IDENTIFIER = "de.2sox.Wo-war-ich-letzte-Nacht";
				PRODUCT_NAME = "$(TARGET_NAME)";
				SUPPORTED_PLATFORMS = "iphoneos iphonesimulator";
				SUPPORTS_MACCATALYST = NO;
				SUPPORTS_MAC_DESIGNED_FOR_IPHONE_IPAD = NO;
				SWIFT_EMIT_LOC_STRINGS = YES;
				SWIFT_VERSION = 5.0;
				TARGETED_DEVICE_FAMILY = "1,2";
			};
			name = Debug;
		};
		D0C3D0ED2A62E5B3003FA2C9 /* Release */ = {
			isa = XCBuildConfiguration;
			buildSettings = {
				ASSETCATALOG_COMPILER_APPICON_NAME = AppIcon;
				ASSETCATALOG_COMPILER_GLOBAL_ACCENT_COLOR_NAME = AccentColor;
				CODE_SIGN_STYLE = Automatic;
				CURRENT_PROJECT_VERSION = 1;
				DEVELOPMENT_TEAM = URATVA2LKM;
				GENERATE_INFOPLIST_FILE = YES;
				INFOPLIST_FILE = "Wo war ich letzte Nacht/Info.plist";
				INFOPLIST_KEY_CFBundleDisplayName = "Ja wo nur?";
				INFOPLIST_KEY_NSLocationAlwaysAndWhenInUseUsageDescription = "Damit es klappt, muss die App \"Immer\" Zugriff auf die Location haben!";
				INFOPLIST_KEY_NSLocationUsageDescription = "Damit es klappt, muss die App \"Immer\" Zugriff auf die Location haben!";
				INFOPLIST_KEY_NSLocationWhenInUseUsageDescription = "Damit es klappt, muss die App \"Immer\" Zugriff auf die Location haben!";
				INFOPLIST_KEY_UIApplicationSupportsIndirectInputEvents = YES;
				INFOPLIST_KEY_UILaunchStoryboardName = LaunchScreen;
				INFOPLIST_KEY_UIMainStoryboardFile = Main;
				INFOPLIST_KEY_UISupportedInterfaceOrientations_iPad = "UIInterfaceOrientationPortrait UIInterfaceOrientationPortraitUpsideDown UIInterfaceOrientationLandscapeLeft UIInterfaceOrientationLandscapeRight";
				INFOPLIST_KEY_UISupportedInterfaceOrientations_iPhone = "UIInterfaceOrientationPortrait UIInterfaceOrientationLandscapeLeft UIInterfaceOrientationLandscapeRight";
				LD_RUNPATH_SEARCH_PATHS = (
					"$(inherited)",
					"@executable_path/Frameworks",
				);
				MARKETING_VERSION = 1.0;
				PRODUCT_BUNDLE_IDENTIFIER = "de.2sox.Wo-war-ich-letzte-Nacht";
				PRODUCT_NAME = "$(TARGET_NAME)";
				SUPPORTED_PLATFORMS = "iphoneos iphonesimulator";
				SUPPORTS_MACCATALYST = NO;
				SUPPORTS_MAC_DESIGNED_FOR_IPHONE_IPAD = NO;
				SWIFT_EMIT_LOC_STRINGS = YES;
				SWIFT_VERSION = 5.0;
				TARGETED_DEVICE_FAMILY = "1,2";
			};
			name = Release;
		};
		D0C3D0EF2A62E5B3003FA2C9 /* Debug */ = {
			isa = XCBuildConfiguration;
			buildSettings = {
				ALWAYS_EMBED_SWIFT_STANDARD_LIBRARIES = YES;
				BUNDLE_LOADER = "$(TEST_HOST)";
				CODE_SIGN_STYLE = Automatic;
				CURRENT_PROJECT_VERSION = 1;
				DEVELOPMENT_TEAM = URATVA2LKM;
				GENERATE_INFOPLIST_FILE = YES;
				IPHONEOS_DEPLOYMENT_TARGET = 16.4;
				MARKETING_VERSION = 1.0;
				PRODUCT_BUNDLE_IDENTIFIER = "de.2sox.Wo-war-ich-letzte-NachtTests";
				PRODUCT_NAME = "$(TARGET_NAME)";
				SWIFT_EMIT_LOC_STRINGS = NO;
				SWIFT_VERSION = 5.0;
				TARGETED_DEVICE_FAMILY = "1,2";
				TEST_HOST = "$(BUILT_PRODUCTS_DIR)/Wo war ich letzte Nacht.app/$(BUNDLE_EXECUTABLE_FOLDER_PATH)/Wo war ich letzte Nacht";
			};
			name = Debug;
		};
		D0C3D0F02A62E5B3003FA2C9 /* Release */ = {
			isa = XCBuildConfiguration;
			buildSettings = {
				ALWAYS_EMBED_SWIFT_STANDARD_LIBRARIES = YES;
				BUNDLE_LOADER = "$(TEST_HOST)";
				CODE_SIGN_STYLE = Automatic;
				CURRENT_PROJECT_VERSION = 1;
				DEVELOPMENT_TEAM = URATVA2LKM;
				GENERATE_INFOPLIST_FILE = YES;
				IPHONEOS_DEPLOYMENT_TARGET = 16.4;
				MARKETING_VERSION = 1.0;
				PRODUCT_BUNDLE_IDENTIFIER = "de.2sox.Wo-war-ich-letzte-NachtTests";
				PRODUCT_NAME = "$(TARGET_NAME)";
				SWIFT_EMIT_LOC_STRINGS = NO;
				SWIFT_VERSION = 5.0;
				TARGETED_DEVICE_FAMILY = "1,2";
				TEST_HOST = "$(BUILT_PRODUCTS_DIR)/Wo war ich letzte Nacht.app/$(BUNDLE_EXECUTABLE_FOLDER_PATH)/Wo war ich letzte Nacht";
			};
			name = Release;
		};
		D0C3D0F22A62E5B3003FA2C9 /* Debug */ = {
			isa = XCBuildConfiguration;
			buildSettings = {
				ALWAYS_EMBED_SWIFT_STANDARD_LIBRARIES = YES;
				CODE_SIGN_STYLE = Automatic;
				CURRENT_PROJECT_VERSION = 1;
				DEVELOPMENT_TEAM = URATVA2LKM;
				GENERATE_INFOPLIST_FILE = YES;
				MARKETING_VERSION = 1.0;
				PRODUCT_BUNDLE_IDENTIFIER = "de.2sox.Wo-war-ich-letzte-NachtUITests";
				PRODUCT_NAME = "$(TARGET_NAME)";
				SWIFT_EMIT_LOC_STRINGS = NO;
				SWIFT_VERSION = 5.0;
				TARGETED_DEVICE_FAMILY = "1,2";
				TEST_TARGET_NAME = "Wo war ich letzte Nacht";
			};
			name = Debug;
		};
		D0C3D0F32A62E5B3003FA2C9 /* Release */ = {
			isa = XCBuildConfiguration;
			buildSettings = {
				ALWAYS_EMBED_SWIFT_STANDARD_LIBRARIES = YES;
				CODE_SIGN_STYLE = Automatic;
				CURRENT_PROJECT_VERSION = 1;
				DEVELOPMENT_TEAM = URATVA2LKM;
				GENERATE_INFOPLIST_FILE = YES;
				MARKETING_VERSION = 1.0;
				PRODUCT_BUNDLE_IDENTIFIER = "de.2sox.Wo-war-ich-letzte-NachtUITests";
				PRODUCT_NAME = "$(TARGET_NAME)";
				SWIFT_EMIT_LOC_STRINGS = NO;
				SWIFT_VERSION = 5.0;
				TARGETED_DEVICE_FAMILY = "1,2";
				TEST_TARGET_NAME = "Wo war ich letzte Nacht";
			};
			name = Release;
		};
/* End XCBuildConfiguration section */

/* Begin XCConfigurationList section */
		D0C3D0B92A62E5B1003FA2C9 /* Build configuration list for PBXProject "Wo war ich letzte Nacht" */ = {
			isa = XCConfigurationList;
			buildConfigurations = (
				D0C3D0E92A62E5B3003FA2C9 /* Debug */,
				D0C3D0EA2A62E5B3003FA2C9 /* Release */,
			);
			defaultConfigurationIsVisible = 0;
			defaultConfigurationName = Release;
		};
		D0C3D0EB2A62E5B3003FA2C9 /* Build configuration list for PBXNativeTarget "Wo war ich letzte Nacht" */ = {
			isa = XCConfigurationList;
			buildConfigurations = (
				D0C3D0EC2A62E5B3003FA2C9 /* Debug */,
				D0C3D0ED2A62E5B3003FA2C9 /* Release */,
			);
			defaultConfigurationIsVisible = 0;
			defaultConfigurationName = Release;
		};
		D0C3D0EE2A62E5B3003FA2C9 /* Build configuration list for PBXNativeTarget "Wo war ich letzte NachtTests" */ = {
			isa = XCConfigurationList;
			buildConfigurations = (
				D0C3D0EF2A62E5B3003FA2C9 /* Debug */,
				D0C3D0F02A62E5B3003FA2C9 /* Release */,
			);
			defaultConfigurationIsVisible = 0;
			defaultConfigurationName = Release;
		};
		D0C3D0F12A62E5B3003FA2C9 /* Build configuration list for PBXNativeTarget "Wo war ich letzte NachtUITests" */ = {
			isa = XCConfigurationList;
			buildConfigurations = (
				D0C3D0F22A62E5B3003FA2C9 /* Debug */,
				D0C3D0F32A62E5B3003FA2C9 /* Release */,
			);
			defaultConfigurationIsVisible = 0;
			defaultConfigurationName = Release;
		};
/* End XCConfigurationList section */

/* Begin XCVersionGroup section */
		D0C3D0CA2A62E5B1003FA2C9 /* Wo_war_ich_letzte_Nacht.xcdatamodeld */ = {
			isa = XCVersionGroup;
			children = (
				D0C3D0CB2A62E5B1003FA2C9 /* Wo_war_ich_letzte_Nacht.xcdatamodel */,
			);
			currentVersion = D0C3D0CB2A62E5B1003FA2C9 /* Wo_war_ich_letzte_Nacht.xcdatamodel */;
			path = Wo_war_ich_letzte_Nacht.xcdatamodeld;
			sourceTree = "<group>";
			versionGroupType = wrapper.xcdatamodel;
		};
/* End XCVersionGroup section */
	};
	rootObject = D0C3D0B62A62E5B1003FA2C9 /* Project object */;
}
